{
  "lockfileVersion": 1,
  "configVersion": 1,
  "workspaces": {
    "": {
      "name": "dpav",
      "dependencies": {
        "geolite2-redist": "^3.1.3",
        "maxmind": "^5.0.7",
      },
      "devDependencies": {
        "@types/bun": "latest",
        "tsdown": "^0.22.14",
      },
      "peerDependencies": {
        "typescript": "^5",
      },
    },
  },
  "packages": {
    "@isaacs/fs-minipass": ["@isaacs/fs-minipass@4.0.1", "", { "dependencies": { "minipass": "^7.0.4" } }, "sha512-wgm9Ehl2jpeqP3zw/7mo3kRHFp5MEDhqAdwy1fTGkHAwnkGOVsgpvQhL8B5n1qlb01jV3n/bI0ZfZp5lWA1k4w=="],

    "@keyv/serialize": ["@keyv/serialize@1.1.1", "", {}, "sha512-dXn3FZhPv0US+7dtJsIi2R+c7qWYiReoEh5zUntWCf4oSpMNib8FDhSoed6m3QyZdx5hK7iLFkYk3rNxwt8vTA=="],

    "@oxc-project/types": ["@oxc-project/types@0.148.0", "", {}, "sha512-Nm4s/jB+4FpFsPhWGEC4h7rzksesmtnMXomo6rCMcg/b8zLQuOziRgkCS1fxDCXOlJB/6Q8oABOZ/OP6RIPj9A=="],

    "@quansync/fs": ["@quansync/fs@1.0.0", "", { "dependencies": { "quansync": "^1.0.0" } }, "sha512-4TJ3DFtlf1L5LDMaM6CanJ/0lckGNtJcMjQ1NAV6zDmA0tEHKZtxNKin8EgPaVX1YzljbxckyT2tJrpQKAtngQ=="],

    "@rolldown/binding-android-arm-eabi": ["@rolldown/binding-android-arm-eabi@1.2.7", "", { "os": "android", "cpu": "arm" }, "sha512-EypzgnYCwyVY4NDHKzGmNJT5b+XaQEBniHxsMdeIQLB/tcCzZnhqrzHpZFbX9iaxx+5RiB8caATBtfvZP7zVxQ=="],

    "@rolldown/binding-android-arm64": ["@rolldown/binding-android-arm64@1.2.7", "", { "os": "android", "cpu": "arm64" }, "sha512-l17HE9EweWaqJZhuUuNBN/FzM62xw+DECVnJyvMsxn8vJFAGLy5QfLDoYAcronkAN8VxKZHezDpulHDPx95vFw=="],

    "@rolldown/binding-darwin-arm64": ["@rolldown/binding-darwin-arm64@1.2.7", "", { "os": "darwin", "cpu": "arm64" }, "sha512-8ED8ELFvHXc6OCETIn4gXObPiaR6bckM/ipXtbzlPVDRMBfEGjCKgO90F9YtfdpDatVx/ZQw7aZ1vUMf/+T3Mw=="],

    "@rolldown/binding-darwin-x64": ["@rolldown/binding-darwin-x64@1.2.7", "", { "os": "darwin", "cpu": "x64" }, "sha512-/WPripjtiAIZ2tWY7ddijORT0Ujg87wxWW/qcoFVCKAWVDPhtY0xr7Dj0M3GyNGz60jGwTElhro/mkF9dT7dDQ=="],

    "@rolldown/binding-freebsd-x64": ["@rolldown/binding-freebsd-x64@1.2.7", "", { "os": "freebsd", "cpu": "x64" }, "sha512-14DI4NcqpvbICxSnGLx3PmtDaWqRP/KGSGb6C+JLLVPeZRl6dKdHba3pGsqT3vpdTqhEYIPG0MMQ8c0xYqoJxA=="],

    "@rolldown/binding-linux-arm-gnueabihf": ["@rolldown/binding-linux-arm-gnueabihf@1.2.7", "", { "os": "linux", "cpu": "arm" }, "sha512-bxrWIRvHWQvbJwi+VIie/kDJmQxcNE6xxWwZdqF/ExVAigtHkv54WTLQPb+QsZdnFy18fg7JPfWGL0RH6vwIlQ=="],

    "@rolldown/binding-linux-arm64-gnu": ["@rolldown/binding-linux-arm64-gnu@1.2.7", "", { "os": "linux", "cpu": "arm64" }, "sha512-toOY2BChBZyuxU7OYX6Tn389di4IzAqPTycVcci0O7FSfBqzRB3RZn+K5Is6ANf4tmgRd/K1yZTsNTXbkXsnLg=="],

    "@rolldown/binding-linux-arm64-musl": ["@rolldown/binding-linux-arm64-musl@1.2.7", "", { "os": "linux", "cpu": "arm64" }, "sha512-lAIXTH/aiLRLxsTgQvfhjo4K1ydWIp00+V0voOr9beb/9ZmkUFrSIb03dXNFRgMNvkE6oGsF10ioQ6UsI+vS5Q=="],

    "@rolldown/binding-linux-ppc64-gnu": ["@rolldown/binding-linux-ppc64-gnu@1.2.7", "", { "os": "linux", "cpu": "ppc64" }, "sha512-kdnwS28Pkenp/mZMRwjXXXwxQ7pIsm+bF919LUK93BOyhcLsrVKdP2p9fxpiPNPAbNuch8ypQt0pm2P2LYCAGg=="],

    "@rolldown/binding-linux-s390x-gnu": ["@rolldown/binding-linux-s390x-gnu@1.2.7", "", { "os": "linux", "cpu": "s390x" }, "sha512-516OdsyLdr5E65paF3yBF55t8mfm9+gmtCsK3xI7XKXIT7EfRlHhxL8K/NR6Hu8BWSgF5+1w74lTL0+nxcc8Qw=="],

    "@rolldown/binding-linux-x64-gnu": ["@rolldown/binding-linux-x64-gnu@1.2.7", "", { "os": "linux", "cpu": "x64" }, "sha512-r8/z8n7GFaYRln3xmP1Cxy0HH/HLM0uBUPkEuSVEfKGDA89M0FsZRZJRSwe/tJjRx+fpH/gjorfhB8tmEbSFLA=="],

    "@rolldown/binding-linux-x64-musl": ["@rolldown/binding-linux-x64-musl@1.2.7", "", { "os": "linux", "cpu": "x64" }, "sha512-pAsE8iiDxUg1xBqdhrTfg45AVDVpirjz00sblEYClGNNcMnDb+e8beQgqIAw6LvauX/APvgxUnwrgun/YYGBhw=="],

    "@rolldown/binding-openharmony-arm64": ["@rolldown/binding-openharmony-arm64@1.2.7", "", { "os": "none", "cpu": "arm64" }, "sha512-lTcIYmmnQQA8Or/2DatS6oSqcdLHvendjS+zLu+FwgToynWMRSmQdpM65fTANJgIS4mjbMOo5KT2lnT9SAb96w=="],

    "@rolldown/binding-win32-arm64-msvc": ["@rolldown/binding-win32-arm64-msvc@1.2.7", "", { "os": "win32", "cpu": "arm64" }, "sha512-e3Gu3WxbNk/UqQhxqU7YIYO+9ZBvWNz3U+h/qRFosscMFzdRPbXYSaSWgSnklv2fz1TgzBTcti2z35c/7irsHw=="],

    "@rolldown/binding-win32-x64-msvc": ["@rolldown/binding-win32-x64-msvc@1.2.7", "", { "os": "win32", "cpu": "x64" }, "sha512-W/jg5qoRSqjsEv0+dZi4e687mcHqmVuU0P4fK6qS/xjetW2Gmc1W8j//z5nAeNcC8Ttm0hV46IjcYeuVwYhuiw=="],

    "@rolldown/pluginutils": ["@rolldown/pluginutils@1.0.1", "", {}, "sha512-2j9bGt5Jh8hj+vPtgzPtl72j0yRxHAyumoo6TNfAjsLB04UtpSvPbPcDcBMxz7n+9CYB0c1GxQFxYRg2jimqGw=="],

    "@sec-ant/readable-stream": ["@sec-ant/readable-stream@0.4.1", "", {}, "sha512-831qok9r2t8AlxLko40y2ebgSDhenenCatLVeW/uBtnHPyhHOvG0C7TvfgecV+wHzIm5KUICgzmVpWS+IMEAeg=="],

    "@sindresorhus/is": ["@sindresorhus/is@7.2.0", "", {}, "sha512-P1Cz1dWaFfR4IR+U13mqqiGsLFf1KbayybWwdd2vfctdV6hDpUkgCY0nKOLLTMSoRd/jJNjtbqzf13K8DCCXQw=="],

    "@types/bun": ["@types/bun@1.4.0", "", { "dependencies": { "bun-types": "1.4.0" } }, "sha512-K+lZULY23vRgK/CfTjFIV+tyifaNdSMlPh9j+6mQ/cLfpOznLyAuzgV/JQysyECpkBQLVMSyvjlr2fBUSA9wFQ=="],

    "@types/http-cache-semantics": ["@types/http-cache-semantics@4.2.0", "", {}, "sha512-L3LgimLHXtGkWikKnsPg0/VFx9OGZaC+eN1u4r+OB1XRqH3meBIAVC2zr1WdMH+RHmnRkqliQAOHNJ/E0j/e0Q=="],

    "@types/node": ["@types/node@26.4.0", "", { "dependencies": { "undici-types": "~8.3.0" } }, "sha512-faiGnoIrLH/V8cibOMEAZ8pMw6oXqSukl29ra4mN8GdaB2ZewzeaLj+INpV5N+Z1eKWzY+IzaIZH2EIR6YZRNQ=="],

    "@yuku-codegen/binding-android-arm64": ["@yuku-codegen/binding-android-arm64@0.8.7", "", { "os": "android", "cpu": "arm64" }, "sha512-C/0zV5IhgVdYhGJTwrY0v8dknxlhiKwtVJkMUaexu9/QvRmzlV4vfU3hZlUSgqc2BxQHntL1mCVbDq8j0FRFDw=="],

    "@yuku-codegen/binding-darwin-arm64": ["@yuku-codegen/binding-darwin-arm64@0.8.7", "", { "os": "darwin", "cpu": "arm64" }, "sha512-/u+REDMI4a0/lsJXTM4c53/w31OGZLOReZIyg62uhgLs0kc8NHsj/nOcxTdlQjq5gi0zhdkccD9LaLTXcdzPvw=="],

    "@yuku-codegen/binding-darwin-x64": ["@yuku-codegen/binding-darwin-x64@0.8.7", "", { "os": "darwin", "cpu": "x64" }, "sha512-sMMzFOwCo4WXR+/6zIBThOocSC50iIIZZdfiIDbaLvj0Ax/rWt/iavyfEAqajyvzydLyCqR/ZItdLWSRlu1umw=="],

    "@yuku-codegen/binding-freebsd-x64": ["@yuku-codegen/binding-freebsd-x64@0.8.7", "", { "os": "freebsd", "cpu": "x64" }, "sha512-MpdpKXix9P+Y1rKgjvcNeNtGjXeL1CmttNhYINrWls8kRpm4xM/oBGTmn6w7to8lAlwj5jm8q03dQPl5mRv4Qw=="],

    "@yuku-codegen/binding-linux-arm-gnu": ["@yuku-codegen/binding-linux-arm-gnu@0.8.7", "", { "os": "linux", "cpu": "arm" }, "sha512-rr1srFLlPAmC1vtxfc9C1YLDe3iH09YjfSeeIidBqKhzx1MATjOAq4mjlRUOnhr/L27MotWIYOFKwVsd5JZFOg=="],

    "@yuku-codegen/binding-linux-arm-musl": ["@yuku-codegen/binding-linux-arm-musl@0.8.7", "", { "os": "linux", "cpu": "arm" }, "sha512-eAufXh8qBRpiSO6ueaMDL+yyoXIGLhpUce72YbcACtZU2qhExwBIJyEtQf5kH2Ki0X2aqkSjSfog4OPtKXan3Q=="],

    "@yuku-codegen/binding-linux-arm64-gnu": ["@yuku-codegen/binding-linux-arm64-gnu@0.8.7", "", { "os": "linux", "cpu": "arm64" }, "sha512-gw4w6wPoHObBrdIC4duVWLmJOvpdE25j5D7yrM5mACNlK4klRz/lv8hK+ssQk9EJHBgZjSaqZIJVFgqNYbfv7A=="],

    "@yuku-codegen/binding-linux-arm64-musl": ["@yuku-codegen/binding-linux-arm64-musl@0.8.7", "", { "os": "linux", "cpu": "arm64" }, "sha512-L68N6Y4XkqcIaKo3Ra88JEvBEH4AHff44A4INcrxeVWZ8CZtu2tCpfVxe3hR8qQQMcvBSQlDn24KpkCKEhVvfA=="],

    "@yuku-codegen/binding-linux-x64-gnu": ["@yuku-codegen/binding-linux-x64-gnu@0.8.7", "", { "os": "linux", "cpu": "x64" }, "sha512-dzyAbltJmf3Cqlb8HcFuYIf5Yn0fl1vTr3XJ9HiVNNvOlhqPSArOqtw9vI1p6/VTXTjrMLXlU+s+/kNHiIy/Cw=="],

    "@yuku-codegen/binding-linux-x64-musl": ["@yuku-codegen/binding-linux-x64-musl@0.8.7", "", { "os": "linux", "cpu": "x64" }, "sha512-Otw4MH3404q0Bbvl+YTdW9aoUV5vXmUw8260bWvt1XlaoIX/ceSgI4ygheRDMfBPoHt6FDayQaO9OLVUZAgkFA=="],

    "@yuku-codegen/binding-win32-arm64": ["@yuku-codegen/binding-win32-arm64@0.8.7", "", { "os": "win32", "cpu": "arm64" }, "sha512-qo/jyrzryiBuKEsFiuWaBCBe3tRMynQ0qFWFgOEjcCMQeZfBm+wKiVEUEFXXLc7bh8YezguAWp0Mtnhq4ARNyA=="],

    "@yuku-codegen/binding-win32-x64": ["@yuku-codegen/binding-win32-x64@0.8.7", "", { "os": "win32", "cpu": "x64" }, "sha512-D5lDsVDx6m00E6bWySlWdH72Ca4TPSaphDqB6QjU6MpuNLIJqoGoatYyq2rOmBE8Zv/kunot/o58KGL03P3eiA=="],

    "@yuku-parser/binding-android-arm64": ["@yuku-parser/binding-android-arm64@0.8.7", "", { "os": "android", "cpu": "arm64" }, "sha512-eGKYiUDX7Y0V7tDTmg+JTVnXnjMqfXXsorZ+EDf5kxwchQ3Or1HS14MzI2fw+jFhHR85fCWt+mtX33Yao73hIQ=="],

    "@yuku-parser/binding-darwin-arm64": ["@yuku-parser/binding-darwin-arm64@0.8.7", "", { "os": "darwin", "cpu": "arm64" }, "sha512-Re0RHelKLnjEURulY2/KxW+Ngb8zuNA4BRZuMwgGQNzVumT6u4U2N2hc01oeYVNVof0i7GrXE4UCNBgbpRRnjQ=="],

    "@yuku-parser/binding-darwin-x64": ["@yuku-parser/binding-darwin-x64@0.8.7", "", { "os": "darwin", "cpu": "x64" }, "sha512-Hn8DROtQkjlA1ACbPgj4a7eP9IuVOI504oiTwpkWPbpaDWD9KdmnVYCqW+1LfenNK/g7O9NhWGpXEdaCNX7lIA=="],

    "@yuku-parser/binding-freebsd-x64": ["@yuku-parser/binding-freebsd-x64@0.8.7", "", { "os": "freebsd", "cpu": "x64" }, "sha512-bAP2OV8wRuzplX/jYxv9+vvqQT8JxyNphI8fLfXGL054Xs+4/J5u33cIm3y4rxY8rdoLmmdiJs2Tq7r7lrDRfA=="],

    "@yuku-parser/binding-linux-arm-gnu": ["@yuku-parser/binding-linux-arm-gnu@0.8.7", "", { "os": "linux", "cpu": "arm" }, "sha512-kTYwJQQgmZeAWdDIWabiReIZMpmfLueIj1tCmjStUtFGhR1Z0qwxonKVfUC4N7h/VhGGzLZ//7O1kgt1QKqgCg=="],

    "@yuku-parser/binding-linux-arm-musl": ["@yuku-parser/binding-linux-arm-musl@0.8.7", "", { "os": "linux", "cpu": "arm" }, "sha512-uL4jE8HPT2BLlxAXyD10LqgPuXa9eDa0BKpCdSANmzIJghq/2eZo3/gQNtaxPZMupWoxjYzSad9IXrwu7aYPXQ=="],

    "@yuku-parser/binding-linux-arm64-gnu": ["@yuku-parser/binding-linux-arm64-gnu@0.8.7", "", { "os": "linux", "cpu": "arm64" }, "sha512-3gVN4pWSKZmXiNX7cU164dR9MPvesCHnlH6nPfpK+yQsCuYphjKKplcb4SnZBrhiqmXbgb2HR0c2TS0IZUPhgA=="],

    "@yuku-parser/binding-linux-arm64-musl": ["@yuku-parser/binding-linux-arm64-musl@0.8.7", "", { "os": "linux", "cpu": "arm64" }, "sha512-S0mwfEjoLpxzXeZw802Wa4RaELsQiPtWqG6INcy8j4GtvNFtl4LCX3eGO1XLn9pyLAISLzTRyU3zUCBUPin8lg=="],

    "@yuku-parser/binding-linux-x64-gnu": ["@yuku-parser/binding-linux-x64-gnu@0.8.7", "", { "os": "linux", "cpu": "x64" }, "sha512-lnbWdPmerE5D1uH1G4IEZKnPzCrWCStRGrtgpSIe1RibAo5bZIjDbbbPYXmMHCEh4F+x/JaJpElh26a3r+BPbg=="],

    "@yuku-parser/binding-linux-x64-musl": ["@yuku-parser/binding-linux-x64-musl@0.8.7", "", { "os": "linux", "cpu": "x64" }, "sha512-769uwndMvMzUvATWbAcEvyLHKA+DzhHSCl/obBUrRdYfRo26yxui6S8y3z7uJ+Naup7UKrDxrpK7OnQkxkl9KQ=="],

    "@yuku-parser/binding-win32-arm64": ["@yuku-parser/binding-win32-arm64@0.8.7", "", { "os": "win32", "cpu": "arm64" }, "sha512-mEB/9PlaAkisJ6KWGz0zvywXoU6+80dTlR2LwS7s/jcXXoU6fm2+sitBZXtqu3+Q4DcDgPxM45uWMCzPs0TSRw=="],

    "@yuku-parser/binding-win32-x64": ["@yuku-parser/binding-win32-x64@0.8.7", "", { "os": "win32", "cpu": "x64" }, "sha512-8vNB2DP0ou61nGb8tc/qfi41gfyDXz1MHr2zqL3nR+cJ6CEbiuWV/l/a/vv151gCgiZLLAyGkQGENpozdg716w=="],

    "@yuku-toolchain/types": ["@yuku-toolchain/types@0.8.7", "", {}, "sha512-2Z53dNxAJL6UvFoIrDZvYf3zlO8s4VJK4O2hhaB4mXVwwpX/7ajtss3cmfqKvamlNLWyt9FSWs4eoYdlbxpnHA=="],

    "ansis": ["ansis@4.3.1", "", {}, "sha512-BJ8/l4R5LRE7hW9WdSuGYrLSHi2ynxeFpDFbH0K/CgNeY/tyhk+vO6TYxXC5r5CpUhNVX310xzPsN/H9lCdfOA=="],

    "balanced-match": ["balanced-match@4.0.4", "", {}, "sha512-BLrgEcRTwX2o6gGxGOCNyMvGSp35YofuYzw9h1IMTRmKqttAZZVU67bdb9Pr2vUHA8+j3i2tJfjO6C6+4myGTA=="],

    "brace-expansion": ["brace-expansion@5.0.9", "", { "dependencies": { "balanced-match": "^4.0.2" } }, "sha512-ScQ4IuvIEF1TMlP7Zt+vjJ//9zlPb2SDcxWxM3bk8s6t6GGdJ7KO1dCcTidOPJKePW30LE/2cT7wCyPho9/Wxg=="],

    "bun-types": ["bun-types@1.4.0", "", { "dependencies": { "@types/node": "*" } }, "sha512-iIKw23BspnQQYd3prITOBxeUsxBHnwzX6YJfGMuNOZzeNcMmVqzIIVGRm1l69ogaPQmb4wB6BN8mA5bE9YuC5Q=="],

    "byte-counter": ["byte-counter@0.1.0", "", {}, "sha512-jheRLVMeUKrDBjVw2O5+k4EvR4t9wtxHL+bo/LxfkxsVeuGMy3a5SEGgXdAFA4FSzTrU8rQXQIrsZ3oBq5a0pQ=="],

    "cac": ["cac@7.0.0", "", {}, "sha512-tixWYgm5ZoOD+3g6UTea91eow5z6AAHaho3g0V9CNSNb45gM8SmflpAc+GRd1InC4AqN/07Unrgp56Y94N9hJQ=="],

    "cacheable-lookup": ["cacheable-lookup@7.0.0", "", {}, "sha512-+qJyx4xiKra8mZrcwhjMRMUhD5NR1R8esPkzIYxX96JiecFoxAXFuz/GpR3+ev4PE1WamHip78wV0vcmPQtp8w=="],

    "cacheable-request": ["cacheable-request@13.0.19", "", { "dependencies": { "@types/http-cache-semantics": "^4.2.0", "get-stream": "^9.0.1", "http-cache-semantics": "^4.2.0", "keyv": "^5.6.0", "mimic-response": "^4.0.0", "normalize-url": "^8.1.1", "responselike": "^4.0.2" } }, "sha512-SVXGH037+Mo1aIMO5B2UcleR43FGjFdN+M8JObSyEoQ2Mn4CODRWx28gN5jiTF0n5ItsgtIZfyargMNs8GX4kg=="],

    "chownr": ["chownr@3.0.0", "", {}, "sha512-+IxzY9BZOQd/XuYPRmrvEVjF/nqj5kgT4kEq7VofrDoM1MxoRjEWkrCC3EtLi59TVawxTAn+orJwFQcrqEN1+g=="],

    "decompress-response": ["decompress-response@10.0.0", "", { "dependencies": { "mimic-response": "^4.0.0" } }, "sha512-oj7KWToJuuxlPr7VV0vabvxEIiqNMo+q0NueIiL3XhtwC6FVOX7Hr1c0C4eD0bmf7Zr+S/dSf2xvkH3Ad6sU3Q=="],

    "defu": ["defu@6.1.7", "", {}, "sha512-7z22QmUWiQ/2d0KkdYmANbRUVABpZ9SNYyH5vx6PZ+nE5bcC0l7uFvEfHlyld/HcGBFTL536ClDt3DEcSlEJAQ=="],

    "dts-resolver": ["dts-resolver@3.0.0", "", { "peerDependencies": { "oxc-resolver": ">=11.0.0" }, "optionalPeers": ["oxc-resolver"] }, "sha512-1T1f+z+4tl9XD+m+0HBgWoL/nm0bOIffyWaUuUSBlFg/86IWvfx+wjNaO/ybU0AJzG9/Mi5hBUgGV6zCmWEN7Q=="],

    "empathic": ["empathic@2.0.1", "", {}, "sha512-YGRs8knHhKHVShLkFET/rWAU8kmHbOV5LwN938RHI0pljAJ1Gf6SzXsSmRaEzcXTtOOmVqJ5+WtQPL5uigY50Q=="],

    "fdir": ["fdir@6.5.0", "", { "peerDependencies": { "picomatch": "^3 || ^4" }, "optionalPeers": ["picomatch"] }, "sha512-tIbYtZbucOs0BRGqPJkshJUYdL+SDH7dVM8gjy+ERp3WAUjLEFJE+02kanyHtwjWOnwrKYBiwAmM0p4kLJAnXg=="],

    "form-data-encoder": ["form-data-encoder@4.1.0", "", {}, "sha512-G6NsmEW15s0Uw9XnCg+33H3ViYRyiM0hMrMhhqQOR8NFc5GhYrI+6I3u7OTw7b91J2g8rtvMBZJDbcGb2YUniw=="],

    "geolite2-redist": ["geolite2-redist@3.1.3", "", { "dependencies": { "got": "^14.4.1", "rimraf": "^6.1.0", "tar": "^7.4.0" } }, "sha512-3Qf9AR/dpTVAyS8SNxnAROXO5Ja/mvnQcHTTstUd/74atwcHVVJNedbV3z9NWOsT0SCjx0NCwUVBK3+Mlc3Uqw=="],

    "get-stream": ["get-stream@9.0.1", "", { "dependencies": { "@sec-ant/readable-stream": "^0.4.1", "is-stream": "^4.0.1" } }, "sha512-kVCxPF3vQM/N0B1PmoqVUqgHP+EeVjmZSQn+1oCRPxd2P21P2F19lIgbR3HBosbB1PUhOAoctJnfEn2GbN2eZA=="],

    "get-tsconfig": ["get-tsconfig@5.0.0-beta.5", "", { "dependencies": { "resolve-pkg-maps": "^1.0.0" } }, "sha512-/6gFNr0N04nob252sTQxyFLi3eKFRqIg1I87YcqAMT1i6SQrSF6KujUEQrtrjMV0H/eejTCltLdDSTEMzHbnsQ=="],

    "glob": ["glob@13.0.6", "", { "dependencies": { "minimatch": "^10.2.2", "minipass": "^7.1.3", "path-scurry": "^2.0.2" } }, "sha512-Wjlyrolmm8uDpm/ogGyXZXb1Z+Ca2B8NbJwqBVg0axK9GbBeoS7yGV6vjXnYdGm6X53iehEuxxbyiKp8QmN4Vw=="],

    "got": ["got@14.6.6", "", { "dependencies": { "@sindresorhus/is": "^7.0.1", "byte-counter": "^0.1.0", "cacheable-lookup": "^7.0.0", "cacheable-request": "^13.0.12", "decompress-response": "^10.0.0", "form-data-encoder": "^4.0.2", "http2-wrapper": "^2.2.1", "keyv": "^5.5.3", "lowercase-keys": "^3.0.0", "p-cancelable": "^4.0.1", "responselike": "^4.0.2", "type-fest": "^4.26.1" } }, "sha512-QLV1qeYSo5l13mQzWgP/y0LbMr5Plr5fJilgAIwgnwseproEbtNym8xpLsDzeZ6MWXgNE6kdWGBjdh3zT/Qerg=="],

    "hookable": ["hookable@6.1.1", "", {}, "sha512-U9LYDy1CwhMCnprUfeAZWZGByVbhd54hwepegYTK7Pi5NvqEj63ifz5z+xukznehT7i6NIZRu89Ay1AZmRsLEQ=="],

    "http-cache-semantics": ["http-cache-semantics@4.2.0", "", {}, "sha512-dTxcvPXqPvXBQpq5dUr6mEMJX4oIEFv6bwom3FDwKRDsuIjjJGANqhBuoAn9c1RQJIdAKav33ED65E2ys+87QQ=="],

    "http2-wrapper": ["http2-wrapper@2.2.1", "", { "dependencies": { "quick-lru": "^5.1.1", "resolve-alpn": "^1.2.0" } }, "sha512-V5nVw1PAOgfI3Lmeaj2Exmeg7fenjhRUgz1lPSezy1CuhPYbgQtbQj4jZfEAEMlaL+vupsvhjqCyjzob0yxsmQ=="],

    "import-without-cache": ["import-without-cache@0.4.0", "", {}, "sha512-NkJQA7oZ4YHQhd2+H3BoRFKF3d/XNsiKpHZCQEMH9pDX27hQQLsTyOocyRgaIVtf8gHX3Nt3LPkR4e5EdtPAGQ=="],

    "is-stream": ["is-stream@4.0.1", "", {}, "sha512-Dnz92NInDqYckGEUJv689RbRiTSEHCQ7wOVeALbkOz999YpqT46yMRIGtSNl2iCL1waAZSx40+h59NV/EwzV/A=="],

    "keyv": ["keyv@5.6.0", "", { "dependencies": { "@keyv/serialize": "^1.1.1" } }, "sha512-CYDD3SOtsHtyXeEORYRx2qBtpDJFjRTGXUtmNEMGyzYOKj1TE3tycdlho7kA1Ufx9OYWZzg52QFBGALTirzDSw=="],

    "lowercase-keys": ["lowercase-keys@3.0.0", "", {}, "sha512-ozCC6gdQ+glXOQsveKD0YsDy8DSQFjDTz4zyzEHNV5+JP5D62LmfDZ6o1cycFx9ouG940M5dE8C8CTewdj2YWQ=="],

    "lru-cache": ["lru-cache@11.5.2", "", {}, "sha512-4pfM1Ff0x50o0tQwb5ucw/RzNyD0/YJME6IVcStalZuMWxdt3sR3huStTtxz4PUmvZfRguvDejasvQ2kifR11g=="],

    "maxmind": ["maxmind@5.0.7", "", { "dependencies": { "mmdb-lib": "3.0.3", "tiny-lru": "13.0.0" } }, "sha512-+w637dwfv01MKjkrp4sKDBTEKHLPvWLYb647QTjiz3wG/teSemqudIKNShaS6eqZ7ffxC9oZlQQgIqY0rGojog=="],

    "mimic-response": ["mimic-response@4.0.0", "", {}, "sha512-e5ISH9xMYU0DzrT+jl8q2ze9D6eWBto+I8CNpe+VI+K2J/F/k3PdkdTdz4wvGVH4NTpo+NRYTVIuMQEMMcsLqg=="],

    "minimatch": ["minimatch@10.2.6", "", { "dependencies": { "brace-expansion": "^5.0.8" } }, "sha512-vpLQEs+VLCr1nU0BXS07maYoFwlDAH0gngQuuttxIwutDFEMHq2blX+8vpgxDdK3J1PwjCJiep77OitTZ4Ll1A=="],

    "minipass": ["minipass@7.1.3", "", {}, "sha512-tEBHqDnIoM/1rXME1zgka9g6Q2lcoCkxHLuc7ODJ5BxbP5d4c2Z5cGgtXAku59200Cx7diuHTOYfSBD8n6mm8A=="],

    "minizlib": ["minizlib@3.1.0", "", { "dependencies": { "minipass": "^7.1.2" } }, "sha512-KZxYo1BUkWD2TVFLr0MQoM8vUUigWD3LlD83a/75BqC+4qE0Hb1Vo5v1FgcfaNXvfXzr+5EhQ6ing/CaBijTlw=="],

    "mmdb-lib": ["mmdb-lib@3.0.3", "", {}, "sha512-xQPoBXcNjjHiOvOraFBKtA++uNWF6aCVHL9dRKFXEov8eI3QJwtgiw3qApsonFT5SpoqsEVISUTg3HIDs2DiXw=="],

    "normalize-url": ["normalize-url@8.1.1", "", {}, "sha512-JYc0DPlpGWB40kH5g07gGTrYuMqV653k3uBKY6uITPWds3M0ov3GaWGp9lbE3Bzngx8+XkfzgvASb9vk9JDFXQ=="],

    "obug": ["obug@2.1.4", "", {}, "sha512-4a+OsYv9UktOJKE+l1A4OufDgdRF9PifWj+tJnHURo/P+WOxpG4GzUFL9qCalmWauao6ogiG+QvnCovwPoyAWA=="],

    "p-cancelable": ["p-cancelable@4.0.1", "", {}, "sha512-wBowNApzd45EIKdO1LaU+LrMBwAcjfPaYtVzV3lmfM3gf8Z4CHZsiIqlM8TZZ8okYvh5A1cP6gTfCRQtwUpaUg=="],

    "package-json-from-dist": ["package-json-from-dist@1.0.1", "", {}, "sha512-UEZIS3/by4OC8vL3P2dTXRETpebLI2NiI5vIrjaD/5UtrkFX/tNbwjTSRAGC/+7CAo2pIcBaRgWmcBBHcsaCIw=="],

    "path-scurry": ["path-scurry@2.0.2", "", { "dependencies": { "lru-cache": "^11.0.0", "minipass": "^7.1.2" } }, "sha512-3O/iVVsJAPsOnpwWIeD+d6z/7PmqApyQePUtCndjatj/9I5LylHvt5qluFaBT3I5h3r1ejfR056c+FCv+NnNXg=="],

    "picomatch": ["picomatch@4.0.7", "", {}, "sha512-qcJu88Q2IWqJsDD529JKMdwGm/dvInW4HvQnRwiH9JtihJvzGOscDtHE3x1pBKeUOTysQ8kVmLnJ2kJu7yhcGA=="],

    "quansync": ["quansync@1.0.0", "", {}, "sha512-5xZacEEufv3HSTPQuchrvV6soaiACMFnq1H8wkVioctoH3TRha9Sz66lOxRwPK/qZj7HPiSveih9yAyh98gvqA=="],

    "quick-lru": ["quick-lru@5.1.1", "", {}, "sha512-WuyALRjWPDGtt/wzJiadO5AXY+8hZ80hVpe6MyivgraREW751X3SbhRvG3eLKOYN+8VEvqLcf3wdnt44Z4S4SA=="],

    "resolve-alpn": ["resolve-alpn@1.2.1", "", {}, "sha512-0a1F4l73/ZFZOakJnQ3FvkJ2+gSTQWz/r2KE5OdDY0TxPm5h4GkqkWWfM47T7HsbnOtcJVEF4epCVy6u7Q3K+g=="],

    "resolve-pkg-maps": ["resolve-pkg-maps@1.0.0", "", {}, "sha512-seS2Tj26TBVOC2NIc2rOe2y2ZO7efxITtLZcGSOnHHNOQ7CkiUBfw0Iw2ck6xkIhPwLhKNLS8BO+hEpngQlqzw=="],

    "responselike": ["responselike@4.0.2", "", { "dependencies": { "lowercase-keys": "^3.0.0" } }, "sha512-cGk8IbWEAnaCpdAt1BHzJ3Ahz5ewDJa0KseTsE3qIRMJ3C698W8psM7byCeWVpd/Ha7FUYzuRVzXoKoM6nRUbA=="],

    "rimraf": ["rimraf@6.1.3", "", { "dependencies": { "glob": "^13.0.3", "package-json-from-dist": "^1.0.1" }, "bin": { "rimraf": "dist/esm/bin.mjs" } }, "sha512-LKg+Cr2ZF61fkcaK1UdkH2yEBBKnYjTyWzTJT6KNPcSPaiT7HSdhtMXQuN5wkTX0Xu72KQ1l8S42rlmexS2hSA=="],

    "rolldown": ["rolldown@1.2.7", "", { "dependencies": { "@oxc-project/types": "=0.148.0", "@rolldown/pluginutils": "^1.0.0" }, "optionalDependencies": { "@rolldown/binding-android-arm-eabi": "1.2.7", "@rolldown/binding-android-arm64": "1.2.7", "@rolldown/binding-darwin-arm64": "1.2.7", "@rolldown/binding-darwin-x64": "1.2.7", "@rolldown/binding-freebsd-x64": "1.2.7", "@rolldown/binding-linux-arm-gnueabihf": "1.2.7", "@rolldown/binding-linux-arm64-gnu": "1.2.7", "@rolldown/binding-linux-arm64-musl": "1.2.7", "@rolldown/binding-linux-ppc64-gnu": "1.2.7", "@rolldown/binding-linux-s390x-gnu": "1.2.7", "@rolldown/binding-linux-x64-gnu": "1.2.7", "@rolldown/binding-linux-x64-musl": "1.2.7", "@rolldown/binding-openharmony-arm64": "1.2.7", "@rolldown/binding-win32-arm64-msvc": "1.2.7", "@rolldown/binding-win32-x64-msvc": "1.2.7" }, "bin": { "rolldown": "./bin/cli.mjs" } }, "sha512-g0EtLvBjTUB7jhyV0S/TCup3v/XSVl45vUIGbOGU4QPiyjTenCe4mKuFvW9fEgYmS2Fo42AUssRmNuMziXdrig=="],

    "rolldown-plugin-dts": ["rolldown-plugin-dts@0.27.14", "", { "dependencies": { "dts-resolver": "^3.0.0", "get-tsconfig": "5.0.0-beta.5", "obug": "^2.1.4", "yuku-ast": "^0.8.0", "yuku-codegen": "^0.8.0", "yuku-parser": "^0.8.0" }, "peerDependencies": { "@typescript/native-preview": "*", "@volar/typescript": "~2.4.0", "rolldown": "^1.0.0", "typescript": "^5.0.0 || ^6.0.0 || ~7.0.0", "vue-tsc": "~3.2.0 || ~3.3.0" }, "optionalPeers": ["@typescript/native-preview", "@volar/typescript", "typescript", "vue-tsc"] }, "sha512-ZvuDDwoIpRK9RPxDXratCpklFO9QZZWndf/sd0VBFb4LEj0jj07UcHK9OCh7V4XiFz2Z89ziyBC2K6tJiDjrbw=="],

    "tar": ["tar@7.5.22", "", { "dependencies": { "@isaacs/fs-minipass": "^4.0.0", "chownr": "^3.0.0", "minipass": "^7.1.2", "minizlib": "^3.1.0", "yallist": "^5.0.0" } }, "sha512-MFO/QzvtAOmJbkhOaCTvbGcFN9L9b+JunIsDwaKljSOdcLMea3NJ1k9Usz/rjdfSXTq4dfzfeS7W4p4YOAAHeA=="],

    "tiny-lru": ["tiny-lru@13.0.0", "", {}, "sha512-xDHxKKS1FdF0Tv2P+QT7IeSEg74K/8cEDzbv3Tv6UyHHUgBOjOiQiBp818MGj66dhurQus/IBcoAbwIKtSGc6Q=="],

    "tinyexec": ["tinyexec@1.3.0", "", {}, "sha512-QKAl9m8gWWGHV8jZcPeym6j+XULi6tOf1mT83WYJ4Lk2ytW/uwAWkrP0uFsdoYMdueVJ0qs26wZ+23xeB4ibNQ=="],

    "tinyglobby": ["tinyglobby@0.2.17", "", { "dependencies": { "fdir": "^6.5.0", "picomatch": "^4.0.4" } }, "sha512-wXR/dYpcqKmfWpEdZjiKJOwCNFndD0DMnrW/cYjVGttEkBfVgcLFHoNrlj47mjOVic9yyNu65alsgF4NQyTa2g=="],

    "tree-kill": ["tree-kill@1.2.2", "", { "bin": { "tree-kill": "cli.js" } }, "sha512-L0Orpi8qGpRG//Nd+H90vFB+3iHnue1zSSGmNOOCh1GLJ7rUKVwV2HvijphGQS2UmhUZewS9VgvxYIdgr+fG1A=="],

    "tsdown": ["tsdown@0.22.14", "", { "dependencies": { "ansis": "^4.3.1", "cac": "^7.0.0", "defu": "^6.1.7", "empathic": "^2.0.1", "hookable": "^6.1.1", "import-without-cache": "^0.4.0", "obug": "^2.1.4", "picomatch": "^4.0.5", "rolldown": "~1.2.0", "rolldown-plugin-dts": "^0.27.13", "tinyexec": "^1.2.4", "tinyglobby": "^0.2.17", "tree-kill": "^1.2.2", "unconfig-core": "^7.5.0", "verkit": "^0.3.0" }, "peerDependencies": { "@arethetypeswrong/core": "^0.18.1", "@tsdown/css": "0.22.14", "@tsdown/exe": "0.22.14", "@vitejs/devtools": "*", "publint": "^0.3.8", "tsx": "*", "typescript": "^5.0.0 || ^6.0.0 || ^7.0.0", "unplugin-unused": "^0.5.0", "unrun": "*" }, "optionalPeers": ["@arethetypeswrong/core", "@tsdown/css", "@tsdown/exe", "@vitejs/devtools", "publint", "tsx", "typescript", "unplugin-unused", "unrun"], "bin": { "tsdown": "./dist/run.mjs" } }, "sha512-ule7Y+fsAN2iZbLDoo7C4KYljFJNJJ+fLshyn+9gozeTspVersWHxwdGB+Dm2hzA38s6muFnUTl0jK3vJm9ifQ=="],

    "type-fest": ["type-fest@4.41.0", "", {}, "sha512-TeTSQ6H5YHvpqVwBRcnLDCBnDOHWYu7IvGbHT6N8AOymcr9PJGjc1GTtiWZTYg0NCgYwvnYWEkVChQAr9bjfwA=="],

    "typescript": ["typescript@5.9.3", "", { "bin": { "tsc": "bin/tsc", "tsserver": "bin/tsserver" } }, "sha512-jl1vZzPDinLr9eUt3J/t7V6FgNEw9QjvBPdysz9KfQDD41fQrC2Y4vKQdiaUpFT4bXlb1RHhLpp8wtm6M5TgSw=="],

    "unconfig-core": ["unconfig-core@7.5.0", "", { "dependencies": { "@quansync/fs": "^1.0.0", "quansync": "^1.0.0" } }, "sha512-Su3FauozOGP44ZmKdHy2oE6LPjk51M/TRRjHv2HNCWiDvfvCoxC2lno6jevMA91MYAdCdwP05QnWdWpSbncX/w=="],

    "undici-types": ["undici-types@8.3.0", "", {}, "sha512-j375ScV60dom+YkPFIfTLcOiPxkN/buHz5GobjLhixFuANaNs3C9l4GmrWqejgXWJ7BbJcFYpTEUkS1Ge8bpZQ=="],

    "verkit": ["verkit@0.3.2", "", {}, "sha512-zj/ob3UsvJGN0whEAKFp53REA5X66hvffVqoCtVQAakJKnKlH+/PcOfMoFwIG/o4rElqLv/ycAFlx8ZlXUorCg=="],

    "yallist": ["yallist@5.0.0", "", {}, "sha512-YgvUTfwqyc7UXVMrB+SImsVYSmTS8X/tSrtdNZMImM+n7+QTriRXyXim0mBrTXNeqzVF0KWGgHPeiyViFFrNDw=="],

    "yuku-ast": ["yuku-ast@0.8.7", "", { "dependencies": { "@yuku-toolchain/types": "^0.8.7" } }, "sha512-h6+4bDfyootiMB9vckk5uKo5r5j0GHrkr17FQTDNfEsFT3DWlN9uu1HJwQwc64pgmLCI945fWM3lbTIqxjT3GQ=="],

    "yuku-codegen": ["yuku-codegen@0.8.7", "", { "dependencies": { "@yuku-toolchain/types": "^0.8.7" }, "optionalDependencies": { "@yuku-codegen/binding-android-arm64": "0.8.7", "@yuku-codegen/binding-darwin-arm64": "0.8.7", "@yuku-codegen/binding-darwin-x64": "0.8.7", "@yuku-codegen/binding-freebsd-x64": "0.8.7", "@yuku-codegen/binding-linux-arm-gnu": "0.8.7", "@yuku-codegen/binding-linux-arm-musl": "0.8.7", "@yuku-codegen/binding-linux-arm64-gnu": "0.8.7", "@yuku-codegen/binding-linux-arm64-musl": "0.8.7", "@yuku-codegen/binding-linux-x64-gnu": "0.8.7", "@yuku-codegen/binding-linux-x64-musl": "0.8.7", "@yuku-codegen/binding-win32-arm64": "0.8.7", "@yuku-codegen/binding-win32-x64": "0.8.7" } }, "sha512-adwDZSh8oVDzhE6Du9PwVWxcOxeV0e2EVhUuMKWfhSY4wkrDq9eqixlxFF3l/XGUV1E7UFzhpz9393MUumkyNw=="],

    "yuku-parser": ["yuku-parser@0.8.7", "", { "dependencies": { "@yuku-toolchain/types": "^0.8.7", "yuku-ast": "^0.8.7" }, "optionalDependencies": { "@yuku-parser/binding-android-arm64": "0.8.7", "@yuku-parser/binding-darwin-arm64": "0.8.7", "@yuku-parser/binding-darwin-x64": "0.8.7", "@yuku-parser/binding-freebsd-x64": "0.8.7", "@yuku-parser/binding-linux-arm-gnu": "0.8.7", "@yuku-parser/binding-linux-arm-musl": "0.8.7", "@yuku-parser/binding-linux-arm64-gnu": "0.8.7", "@yuku-parser/binding-linux-arm64-musl": "0.8.7", "@yuku-parser/binding-linux-x64-gnu": "0.8.7", "@yuku-parser/binding-linux-x64-musl": "0.8.7", "@yuku-parser/binding-win32-arm64": "0.8.7", "@yuku-parser/binding-win32-x64": "0.8.7" } }, "sha512-vRD9nwt4L3aYpxNqeSC4WqLv58xrXef0Ong1Mc45CTXTIpvLafx7JO05sczmQZwdLEZvywrLOGdNC5+Rp5N1BQ=="],
  }
}
